// !$*UTF8*$!
{
	archiveVersion = 1;
	classes = {
	};
	objectVersion = 55;
	objects = {

/* Begin PBXBuildFile section */
		F8E35AD12779228E00ED505B /* KickbackApp.swift in Sources */ = {isa = PBXBuildFile; fileRef = F8E35AD02779228E00ED505B /* KickbackApp.swift */; };
		F8E35AD32779228E00ED505B /* ContentView.swift in Sources */ = {isa = PBXBuildFile; fileRef = F8E35AD22779228E00ED505B /* ContentView.swift */; };
		F8E35AD52779228F00ED505B /* Assets.xcassets in Resources */ = {isa = PBXBuildFile; fileRef = F8E35AD42779228F00ED505B /* Assets.xcassets */; };
		F8E35AD82779228F00ED505B /* Preview Assets.xcassets in Resources */ = {isa = PBXBuildFile; fileRef = F8E35AD72779228F00ED505B /* Preview Assets.xcassets */; };
		F8E35AE32779228F00ED505B /* KickbackTests.swift in Sources */ = {isa = PBXBuildFile; fileRef = F8E35AE22779228F00ED505B /* KickbackTests.swift */; };
		F8E35AED2779228F00ED505B /* KickbackUITests.swift in Sources */ = {isa = PBXBuildFile; fileRef = F8E35AEC2779228F00ED505B /* KickbackUITests.swift */; };
		F8E35AEF2779228F00ED505B /* KickbackUITestsLaunchTests.swift in Sources */ = {isa = PBXBuildFile; fileRef = F8E35AEE2779228F00ED505B /* KickbackUITestsLaunchTests.swift */; };
		F8E35AFC277928B500ED505B /* Color Extension.swift in Sources */ = {isa = PBXBuildFile; fileRef = F8E35AFB277928B500ED505B /* Color Extension.swift */; };
/* End PBXBuildFile section */

/* Begin PBXContainerItemProxy section */
		F8E35ADF2779228F00ED505B /* PBXContainerItemProxy */ = {
			isa = PBXContainerItemProxy;
			containerPortal = F8E35AC52779228E00ED505B /* Project object */;
			proxyType = 1;
			remoteGlobalIDString = F8E35ACC2779228E00ED505B;
			remoteInfo = Kickback;
		};
		F8E35AE92779228F00ED505B /* PBXContainerItemProxy */ = {
			isa = PBXContainerItemProxy;
			containerPortal = F8E35AC52779228E00ED505B /* Project object */;
			proxyType = 1;
			remoteGlobalIDString = F8E35ACC2779228E00ED505B;
			remoteInfo = Kickback;
		};
/* End PBXContainerItemProxy section */

/* Begin PBXFileReference section */
		F8E35ACD2779228E00ED505B /* Kickback.app */ = {isa = PBXFileReference; explicitFileType = wrapper.application; includeInIndex = 0; path = Kickback.app; sourceTree = BUILT_PRODUCTS_DIR; };
		F8E35AD02779228E00ED505B /* KickbackApp.swift */ = {isa = PBXFileReference; lastKnownFileType = sourcecode.swift; path = KickbackApp.swift; sourceTree = "<group>"; };
		F8E35AD22779228E00ED505B /* ContentView.swift */ = {isa = PBXFileReference; lastKnownFileType = sourcecode.swift; path = ContentView.swift; sourceTree = "<group>"; };
		F8E35AD42779228F00ED505B /* Assets.xcassets */ = {isa = PBXFileReference; lastKnownFileType = folder.assetcatalog; path = Assets.xcassets; sourceTree = "<group>"; };
		F8E35AD72779228F00ED505B /* Preview Assets.xcassets */ = {isa = PBXFileReference; lastKnownFileType = folder.assetcatalog; path = "Preview Assets.xcassets"; sourceTree = "<group>"; };
		F8E35AD92779228F00ED505B /* Kickback.entitlements */ = {isa = PBXFileReference; lastKnownFileType = text.plist.entitlements; path = Kickback.entitlements; sourceTree = "<group>"; };
		F8E35ADE2779228F00ED505B /* KickbackTests.xctest */ = {isa = PBXFileReference; explicitFileType = wrapper.cfbundle; includeInIndex = 0; path = KickbackTests.xctest; sourceTree = BUILT_PRODUCTS_DIR; };
		F8E35AE22779228F00ED505B /* KickbackTests.swift */ = {isa = PBXFileReference; lastKnownFileType = sourcecode.swift; path = KickbackTests.swift; sourceTree = "<group>"; };
		F8E35AE82779228F00ED505B /* KickbackUITests.xctest */ = {isa = PBXFileReference; explicitFileType = wrapper.cfbundle; includeInIndex = 0; path = KickbackUITests.xctest; sourceTree = BUILT_PRODUCTS_DIR; };
		F8E35AEC2779228F00ED505B /* KickbackUITests.swift */ = {isa = PBXFileReference; lastKnownFileType = sourcecode.swift; path = KickbackUITests.swift; sourceTree = "<group>"; };
		F8E35AEE2779228F00ED505B /* KickbackUITestsLaunchTests.swift */ = {isa = PBXFileReference; lastKnownFileType = sourcecode.swift; path = KickbackUITestsLaunchTests.swift; sourceTree = "<group>"; };
		F8E35AFB277928B500ED505B /* Color Extension.swift */ = {isa = PBXFileReference; lastKnownFileType = sourcecode.swift; path = "Color Extension.swift"; sourceTree = "<group>"; };
/* End PBXFileReference section */

/* Begin PBXFrameworksBuildPhase section */
		F8E35ACA2779228E00ED505B /* Frameworks */ = {
			isa = PBXFrameworksBuildPhase;
			buildActionMask = 2147483647;
			files = (
			);
			runOnlyForDeploymentPostprocessing = 0;
		};
		F8E35ADB2779228F00ED505B /* Frameworks */ = {
			isa = PBXFrameworksBuildPhase;
			buildActionMask = 2147483647;
			files = (
			);
			runOnlyForDeploymentPostprocessing = 0;
		};
		F8E35AE52779228F00ED505B /* Frameworks */ = {
			isa = PBXFrameworksBuildPhase;
			buildActionMask = 2147483647;
			files = (
			);
			runOnlyForDeploymentPostprocessing = 0;
		};
/* End PBXFrameworksBuildPhase section */

/* Begin PBXGroup section */
		F8E35AC42779228E00ED505B = {
			isa = PBXGroup;
			children = (
				F8E35ACF2779228E00ED505B /* Kickback */,
				F8E35AE12779228F00ED505B /* KickbackTests */,
				F8E35AEB2779228F00ED505B /* KickbackUITests */,
				F8E35ACE2779228E00ED505B /* Products */,
			);
			sourceTree = "<group>";
		};
		F8E35ACE2779228E00ED505B /* Products */ = {
			isa = PBXGroup;
			children = (
				F8E35ACD2779228E00ED505B /* Kickback.app */,
				F8E35ADE2779228F00ED505B /* KickbackTests.xctest */,
				F8E35AE82779228F00ED505B /* KickbackUITests.xctest */,
			);
			name = Products;
			sourceTree = "<group>";
		};
		F8E35ACF2779228E00ED505B /* Kickback */ = {
			isa = PBXGroup;
			children = (
				F8E35AD02779228E00ED505B /* KickbackApp.swift */,
				F8E35AD22779228E00ED505B /* ContentView.swift */,
				F8E35AFB277928B500ED505B /* Color Extension.swift */,
				F8E35AD42779228F00ED505B /* Assets.xcassets */,
				F8E35AD92779228F00ED505B /* Kickback.entitlements */,
				F8E35AD62779228F00ED505B /* Preview Content */,
			);
			path = Kickback;
			sourceTree = "<group>";
		};
		F8E35AD62779228F00ED505B /* Preview Content */ = {
			isa = PBXGroup;
			children = (
				F8E35AD72779228F00ED505B /* Preview Assets.xcassets */,
			);
			path = "Preview Content";
			sourceTree = "<group>";
		};
		F8E35AE12779228F00ED505B /* KickbackTests */ = {
			isa = PBXGroup;
			children = (
				F8E35AE22779228F00ED505B /* KickbackTests.swift */,
			);
			path = KickbackTests;
			sourceTree = "<group>";
		};
		F8E35AEB2779228F00ED505B /* KickbackUITests */ = {
			isa = PBXGroup;
			children = (
				F8E35AEC2779228F00ED505B /* KickbackUITests.swift */,
				F8E35AEE2779228F00ED505B /* KickbackUITestsLaunchTests.swift */,
			);
			path = KickbackUITests;
			sourceTree = "<group>";
		};
/* End PBXGroup section */

/* Begin PBXNativeTarget section */
		F8E35ACC2779228E00ED505B /* Kickback */ = {
			isa = PBXNativeTarget;
			buildConfigurationList = F8E35AF22779228F00ED505B /* Build configuration list for PBXNativeTarget "Kickback" */;
			buildPhases = (
				F8E35AC92779228E00ED505B /* Sources */,
				F8E35ACA2779228E00ED505B /* Frameworks */,
				F8E35ACB2779228E00ED505B /* Resources */,
			);
			buildRules = (
			);
			dependencies = (
			);
			name = Kickback;
			productName = Kickback;
			productReference = F8E35ACD2779228E00ED505B /* Kickback.app */;
			productType = "com.apple.product-type.application";
		};
		F8E35ADD2779228F00ED505B /* KickbackTests */ = {
			isa = PBXNativeTarget;
			buildConfigurationList = F8E35AF52779228F00ED505B /* Build configuration list for PBXNativeTarget "KickbackTests" */;
			buildPhases = (
				F8E35ADA2779228F00ED505B /* Sources */,
				F8E35ADB2779228F00ED505B /* Frameworks */,
				F8E35ADC2779228F00ED505B /* Resources */,
			);
			buildRules = (
			);
			dependencies = (
				F8E35AE02779228F00ED505B /* PBXTargetDependency */,
			);
			name = KickbackTests;
			productName = KickbackTests;
			productReference = F8E35ADE2779228F00ED505B /* KickbackTests.xctest */;
			productType = "com.apple.product-type.bundle.unit-test";
		};
		F8E35AE72779228F00ED505B /* KickbackUITests */ = {
			isa = PBXNativeTarget;
			buildConfigurationList = F8E35AF82779228F00ED505B /* Build configuration list for PBXNativeTarget "KickbackUITests" */;
			buildPhases = (
				F8E35AE42779228F00ED505B /* Sources */,
				F8E35AE52779228F00ED505B /* Frameworks */,
				F8E35AE62779228F00ED505B /* Resources */,
			);
			buildRules = (
			);
			dependencies = (
				F8E35AEA2779228F00ED505B /* PBXTargetDependency */,
			);
			name = KickbackUITests;
			productName = KickbackUITests;
			productReference = F8E35AE82779228F00ED505B /* KickbackUITests.xctest */;
			productType = "com.apple.product-type.bundle.ui-testing";
		};
/* End PBXNativeTarget section */

/* Begin PBXProject section */
		F8E35AC52779228E00ED505B /* Project object */ = {
			isa = PBXProject;
			attributes = {
				BuildIndependentTargetsInParallel = 1;
				LastSwiftUpdateCheck = 1310;
				LastUpgradeCheck = 1310;
				TargetAttributes = {
					F8E35ACC2779228E00ED505B = {
						CreatedOnToolsVersion = 13.1;
					};
					F8E35ADD2779228F00ED505B = {
						CreatedOnToolsVersion = 13.1;
						TestTargetID = F8E35ACC2779228E00ED505B;
					};
					F8E35AE72779228F00ED505B = {
						CreatedOnToolsVersion = 13.1;
						TestTargetID = F8E35ACC2779228E00ED505B;
					};
				};
			};
			buildConfigurationList = F8E35AC82779228E00ED505B /* Build configuration list for PBXProject "Kickback" */;
			compatibilityVersion = "Xcode 13.0";
			developmentRegion = en;
			hasScannedForEncodings = 0;
			knownRegions = (
				en,
				Base,
			);
			mainGroup = F8E35AC42779228E00ED505B;
			productRefGroup = F8E35ACE2779228E00ED505B /* Products */;
			projectDirPath = "";
			projectRoot = "";
			targets = (
				F8E35ACC2779228E00ED505B /* Kickback */,
				F8E35ADD2779228F00ED505B /* KickbackTests */,
				F8E35AE72779228F00ED505B /* KickbackUITests */,
			);
		};
/* End PBXProject section */

/* Begin PBXResourcesBuildPhase section */
		F8E35ACB2779228E00ED505B /* Resources */ = {
			isa = PBXResourcesBuildPhase;
			buildActionMask = 2147483647;
			files = (
				F8E35AD82779228F00ED505B /* Preview Assets.xcassets in Resources */,
				F8E35AD52779228F00ED505B /* Assets.xcassets in Resources */,
			);
			runOnlyForDeploymentPostprocessing = 0;
		};
		F8E35ADC2779228F00ED505B /* Resources */ = {
			isa = PBXResourcesBuildPhase;
			buildActionMask = 2147483647;
			files = (
			);
			runOnlyForDeploymentPostprocessing = 0;
		};
		F8E35AE62779228F00ED505B /* Resources */ = {
			isa = PBXResourcesBuildPhase;
			buildActionMask = 2147483647;
			files = (
			);
			runOnlyForDeploymentPostprocessing = 0;
		};
/* End PBXResourcesBuildPhase section */

/* Begin PBXSourcesBuildPhase section */
		F8E35AC92779228E00ED505B /* Sources */ = {
			isa = PBXSourcesBuildPhase;
			buildActionMask = 2147483647;
			files = (
				F8E35AD32779228E00ED505B /* ContentView.swift in Sources */,
				F8E35AD12779228E00ED505B /* KickbackApp.swift in Sources */,
				F8E35AFC277928B500ED505B /* Color Extension.swift in Sources */,
			);
			runOnlyForDeploymentPostprocessing = 0;
		};
		F8E35ADA2779228F00ED505B /* Sources */ = {
			isa = PBXSourcesBuildPhase;
			buildActionMask = 2147483647;
			files = (
				F8E35AE32779228F00ED505B /* KickbackTests.swift in Sources */,
			);
			runOnlyForDeploymentPostprocessing = 0;
		};
		F8E35AE42779228F00ED505B /* Sources */ = {
			isa = PBXSourcesBuildPhase;
			buildActionMask = 2147483647;
			files = (
				F8E35AEF2779228F00ED505B /* KickbackUITestsLaunchTests.swift in Sources */,
				F8E35AED2779228F00ED505B /* KickbackUITests.swift in Sources */,
			);
			runOnlyForDeploymentPostprocessing = 0;
		};
/* End PBXSourcesBuildPhase section */

/* Begin PBXTargetDependency section */
		F8E35AE02779228F00ED505B /* PBXTargetDependency */ = {
			isa = PBXTargetDependency;
			target = F8E35ACC2779228E00ED505B /* Kickback */;
			targetProxy = F8E35ADF2779228F00ED505B /* PBXContainerItemProxy */;
		};
		F8E35AEA2779228F00ED505B /* PBXTargetDependency */ = {
			isa = PBXTargetDependency;
			target = F8E35ACC2779228E00ED505B /* Kickback */;
			targetProxy = F8E35AE92779228F00ED505B /* PBXContainerItemProxy */;
		};
/* End PBXTargetDependency section */

/* Begin XCBuildConfiguration section */
		F8E35AF02779228F00ED505B /* Debug */ = {
			isa = XCBuildConfiguration;
			buildSettings = {
				ALWAYS_SEARCH_USER_PATHS = NO;
				CLANG_ANALYZER_NONNULL = YES;
				CLANG_ANALYZER_NUMBER_OBJECT_CONVERSION = YES_AGGRESSIVE;
				CLANG_CXX_LANGUAGE_STANDARD = "gnu++17";
				CLANG_CXX_LIBRARY = "libc++";
				CLANG_ENABLE_MODULES = YES;
				CLANG_ENABLE_OBJC_ARC = YES;
				CLANG_ENABLE_OBJC_WEAK = YES;
				CLANG_WARN_BLOCK_CAPTURE_AUTORELEASING = YES;
				CLANG_WARN_BOOL_CONVERSION = YES;
				CLANG_WARN_COMMA = YES;
				CLANG_WARN_CONSTANT_CONVERSION = YES;
				CLANG_WARN_DEPRECATED_OBJC_IMPLEMENTATIONS = YES;
				CLANG_WARN_DIRECT_OBJC_ISA_USAGE = YES_ERROR;
				CLANG_WARN_DOCUMENTATION_COMMENTS = YES;
				CLANG_WARN_EMPTY_BODY = YES;
				CLANG_WARN_ENUM_CONVERSION = YES;
				CLANG_WARN_INFINITE_RECURSION = YES;
				CLANG_WARN_INT_CONVERSION = YES;
				CLANG_WARN_NON_LITERAL_NULL_CONVERSION = YES;
				CLANG_WARN_OBJC_IMPLICIT_RETAIN_SELF = YES;
				CLANG_WARN_OBJC_LITERAL_CONVERSION = YES;
				CLANG_WARN_OBJC_ROOT_CLASS = YES_ERROR;
				CLANG_WARN_QUOTED_INCLUDE_IN_FRAMEWORK_HEADER = YES;
				CLANG_WARN_RANGE_LOOP_ANALYSIS = YES;
				CLANG_WARN_STRICT_PROTOTYPES = YES;
				CLANG_WARN_SUSPICIOUS_MOVE = YES;
				CLANG_WARN_UNGUARDED_AVAILABILITY = YES_AGGRESSIVE;
				CLANG_WARN_UNREACHABLE_CODE = YES;
				CLANG_WARN__DUPLICATE_METHOD_MATCH = YES;
				COPY_PHASE_STRIP = NO;
				DEBUG_INFORMATION_FORMAT = dwarf;
				ENABLE_STRICT_OBJC_MSGSEND = YES;
				ENABLE_TESTABILITY = YES;
				GCC_C_LANGUAGE_STANDARD = gnu11;
				GCC_DYNAMIC_NO_PIC = NO;
				GCC_NO_COMMON_BLOCKS = YES;
				GCC_OPTIMIZATION_LEVEL = 0;
				GCC_PREPROCESSOR_DEFINITIONS = (
					"DEBUG=1",
					"$(inherited)",
				);
				GCC_WARN_64_TO_32_BIT_CONVERSION = YES;
				GCC_WARN_ABOUT_RETURN_TYPE = YES_ERROR;
				GCC_WARN_UNDECLARED_SELECTOR = YES;
				GCC_WARN_UNINITIALIZED_AUTOS = YES_AGGRESSIVE;
				GCC_WARN_UNUSED_FUNCTION = YES;
				GCC_WARN_UNUSED_VARIABLE = YES;
				MACOSX_DEPLOYMENT_TARGET = 12.0;
				MTL_ENABLE_DEBUG_INFO = INCLUDE_SOURCE;
				MTL_FAST_MATH = YES;
				ONLY_ACTIVE_ARCH = YES;
				SDKROOT = macosx;
				SWIFT_ACTIVE_COMPILATION_CONDITIONS = DEBUG;
				SWIFT_OPTIMIZATION_LEVEL = "-Onone";
			};
			name = Debug;
		};
		F8E35AF12779228F00ED505B /* Release */ = {
			isa = XCBuildConfiguration;
			buildSettings = {
				ALWAYS_SEARCH_USER_PATHS = NO;
				CLANG_ANALYZER_NONNULL = YES;
				CLANG_ANALYZER_NUMBER_OBJECT_CONVERSION = YES_AGGRESSIVE;
				CLANG_CXX_LANGUAGE_STANDARD = "gnu++17";
				CLANG_CXX_LIBRARY = "libc++";
				CLANG_ENABLE_MODULES = YES;
				CLANG_ENABLE_OBJC_ARC = YES;
				CLANG_ENABLE_OBJC_WEAK = YES;
				CLANG_WARN_BLOCK_CAPTURE_AUTORELEASING = YES;
				CLANG_WARN_BOOL_CONVERSION = YES;
				CLANG_WARN_COMMA = YES;
				CLANG_WARN_CONSTANT_CONVERSION = YES;
				CLANG_WARN_DEPRECATED_OBJC_IMPLEMENTATIONS = YES;
				CLANG_WARN_DIRECT_OBJC_ISA_USAGE = YES_ERROR;
				CLANG_WARN_DOCUMENTATION_COMMENTS = YES;
				CLANG_WARN_EMPTY_BODY = YES;
				CLANG_WARN_ENUM_CONVERSION = YES;
				CLANG_WARN_INFINITE_RECURSION = YES;
				CLANG_WARN_INT_CONVERSION = YES;
				CLANG_WARN_NON_LITERAL_NULL_CONVERSION = YES;
				CLANG_WARN_OBJC_IMPLICIT_RETAIN_SELF = YES;
				CLANG_WARN_OBJC_LITERAL_CONVERSION = YES;
				CLANG_WARN_OBJC_ROOT_CLASS = YES_ERROR;
				CLANG_WARN_QUOTED_INCLUDE_IN_FRAMEWORK_HEADER = YES;
				CLANG_WARN_RANGE_LOOP_ANALYSIS = YES;
				CLANG_WARN_STRICT_PROTOTYPES = YES;
				CLANG_WARN_SUSPICIOUS_MOVE = YES;
				CLANG_WARN_UNGUARDED_AVAILABILITY = YES_AGGRESSIVE;
				CLANG_WARN_UNREACHABLE_CODE = YES;
				CLANG_WARN__DUPLICATE_METHOD_MATCH = YES;
				COPY_PHASE_STRIP = NO;
				DEBUG_INFORMATION_FORMAT = "dwarf-with-dsym";
				ENABLE_NS_ASSERTIONS = NO;
				ENABLE_STRICT_OBJC_MSGSEND = YES;
				GCC_C_LANGUAGE_STANDARD = gnu11;
				GCC_NO_COMMON_BLOCKS = YES;
				GCC_WARN_64_TO_32_BIT_CONVERSION = YES;
				GCC_WARN_ABOUT_RETURN_TYPE = YES_ERROR;
				GCC_WARN_UNDECLARED_SELECTOR = YES;
				GCC_WARN_UNINITIALIZED_AUTOS = YES_AGGRESSIVE;
				GCC_WARN_UNUSED_FUNCTION = YES;
				GCC_WARN_UNUSED_VARIABLE = YES;
				MACOSX_DEPLOYMENT_TARGET = 12.0;
				MTL_ENABLE_DEBUG_INFO = NO;
				MTL_FAST_MATH = YES;
				SDKROOT = macosx;
				SWIFT_COMPILATION_MODE = wholemodule;
				SWIFT_OPTIMIZATION_LEVEL = "-O";
			};
			name = Release;
		};
		F8E35AF32779228F00ED505B /* Debug */ = {
			isa = XCBuildConfiguration;
			buildSettings = {
				ASSETCATALOG_COMPILER_APPICON_NAME = AppIcon;
				ASSETCATALOG_COMPILER_GLOBAL_ACCENT_COLOR_NAME = AccentColor;
				CODE_SIGN_ENTITLEMENTS = Kickback/Kickback.entitlements;
				CODE_SIGN_STYLE = Automatic;
				COMBINE_HIDPI_IMAGES = YES;
				CURRENT_PROJECT_VERSION = 1;
				DEVELOPMENT_ASSET_PATHS = "\"Kickback/Preview Content\"";
				DEVELOPMENT_TEAM = SN7NPF67AD;
				ENABLE_HARDENED_RUNTIME = YES;
				ENABLE_PREVIEWS = YES;
				GENERATE_INFOPLIST_FILE = YES;
				INFOPLIST_KEY_NSHumanReadableCopyright = "";
				LD_RUNPATH_SEARCH_PATHS = (
					"$(inherited)",
					"@executable_path/../Frameworks",
				);
				MARKETING_VERSION = 1.0;
				PRODUCT_BUNDLE_IDENTIFIER = com.StefanHopman.Kickback;
				PRODUCT_NAME = "$(TARGET_NAME)";
				SWIFT_EMIT_LOC_STRINGS = YES;
				SWIFT_VERSION = 5.0;
			};
			name = Debug;
		};
		F8E35AF42779228F00ED505B /* Release */ = {
			isa = XCBuildConfiguration;
			buildSettings = {
				ASSETCATALOG_COMPILER_APPICON_NAME = AppIcon;
				ASSETCATALOG_COMPILER_GLOBAL_ACCENT_COLOR_NAME = AccentColor;
				CODE_SIGN_ENTITLEMENTS = Kickback/Kickback.entitlements;
				CODE_SIGN_STYLE = Automatic;
				COMBINE_HIDPI_IMAGES = YES;
				CURRENT_PROJECT_VERSION = 1;
				DEVELOPMENT_ASSET_PATHS = "\"Kickback/Preview Content\"";
				DEVELOPMENT_TEAM = SN7NPF67AD;
				ENABLE_HARDENED_RUNTIME = YES;
				ENABLE_PREVIEWS = YES;
				GENERATE_INFOPLIST_FILE = YES;
				INFOPLIST_KEY_NSHumanReadableCopyright = "";
				LD_RUNPATH_SEARCH_PATHS = (
					"$(inherited)",
					"@executable_path/../Frameworks",
				);
				MARKETING_VERSION = 1.0;
				PRODUCT_BUNDLE_IDENTIFIER = com.StefanHopman.Kickback;
				PRODUCT_NAME = "$(TARGET_NAME)";
				SWIFT_EMIT_LOC_STRINGS = YES;
				SWIFT_VERSION = 5.0;
			};
			name = Release;
		};
		F8E35AF62779228F00ED505B /* Debug */ = {
			isa = XCBuildConfiguration;
			buildSettings = {
				ALWAYS_EMBED_SWIFT_STANDARD_LIBRARIES = YES;
				BUNDLE_LOADER = "$(TEST_HOST)";
				CODE_SIGN_STYLE = Automatic;
				COMBINE_HIDPI_IMAGES = YES;
				CURRENT_PROJECT_VERSION = 1;
				DEVELOPMENT_TEAM = SN7NPF67AD;
				GENERATE_INFOPLIST_FILE = YES;
				LD_RUNPATH_SEARCH_PATHS = (
					"$(inherited)",
					"@executable_path/../Frameworks",
					"@loader_path/../Frameworks",
				);
				MACOSX_DEPLOYMENT_TARGET = 12.0;
				MARKETING_VERSION = 1.0;
				PRODUCT_BUNDLE_IDENTIFIER = com.StefanHopman.KickbackTests;
				PRODUCT_NAME = "$(TARGET_NAME)";
				SWIFT_EMIT_LOC_STRINGS = NO;
				SWIFT_VERSION = 5.0;
				TEST_HOST = "$(BUILT_PRODUCTS_DIR)/Kickback.app/Contents/MacOS/Kickback";
			};
			name = Debug;
		};
		F8E35AF72779228F00ED505B /* Release */ = {
			isa = XCBuildConfiguration;
			buildSettings = {
				ALWAYS_EMBED_SWIFT_STANDARD_LIBRARIES = YES;
				BUNDLE_LOADER = "$(TEST_HOST)";
				CODE_SIGN_STYLE = Automatic;
				COMBINE_HIDPI_IMAGES = YES;
				CURRENT_PROJECT_VERSION = 1;
				DEVELOPMENT_TEAM = SN7NPF67AD;
				GENERATE_INFOPLIST_FILE = YES;
				LD_RUNPATH_SEARCH_PATHS = (
					"$(inherited)",
					"@executable_path/../Frameworks",
					"@loader_path/../Frameworks",
				);
				MACOSX_DEPLOYMENT_TARGET = 12.0;
				MARKETING_VERSION = 1.0;
				PRODUCT_BUNDLE_IDENTIFIER = com.StefanHopman.KickbackTests;
				PRODUCT_NAME = "$(TARGET_NAME)";
				SWIFT_EMIT_LOC_STRINGS = NO;
				SWIFT_VERSION = 5.0;
				TEST_HOST = "$(BUILT_PRODUCTS_DIR)/Kickback.app/Contents/MacOS/Kickback";
			};
			name = Release;
		};
		F8E35AF92779228F00ED505B /* Debug */ = {
			isa = XCBuildConfiguration;
			buildSettings = {
				ALWAYS_EMBED_SWIFT_STANDARD_LIBRARIES = YES;
				CODE_SIGN_STYLE = Automatic;
				COMBINE_HIDPI_IMAGES = YES;
				CURRENT_PROJECT_VERSION = 1;
				DEVELOPMENT_TEAM = SN7NPF67AD;
				GENERATE_INFOPLIST_FILE = YES;
				LD_RUNPATH_SEARCH_PATHS = (
					"$(inherited)",
					"@executable_path/../Frameworks",
					"@loader_path/../Frameworks",
				);
				MARKETING_VERSION = 1.0;
				PRODUCT_BUNDLE_IDENTIFIER = com.StefanHopman.KickbackUITests;
				PRODUCT_NAME = "$(TARGET_NAME)";
				SWIFT_EMIT_LOC_STRINGS = NO;
				SWIFT_VERSION = 5.0;
				TEST_TARGET_NAME = Kickback;
			};
			name = Debug;
		};
		F8E35AFA2779228F00ED505B /* Release */ = {
			isa = XCBuildConfiguration;
			buildSettings = {
				ALWAYS_EMBED_SWIFT_STANDARD_LIBRARIES = YES;
				CODE_SIGN_STYLE = Automatic;
				COMBINE_HIDPI_IMAGES = YES;
				CURRENT_PROJECT_VERSION = 1;
				DEVELOPMENT_TEAM = SN7NPF67AD;
				GENERATE_INFOPLIST_FILE = YES;
				LD_RUNPATH_SEARCH_PATHS = (
					"$(inherited)",
					"@executable_path/../Frameworks",
					"@loader_path/../Frameworks",
				);
				MARKETING_VERSION = 1.0;
				PRODUCT_BUNDLE_IDENTIFIER = com.StefanHopman.KickbackUITests;
				PRODUCT_NAME = "$(TARGET_NAME)";
				SWIFT_EMIT_LOC_STRINGS = NO;
				SWIFT_VERSION = 5.0;
				TEST_TARGET_NAME = Kickback;
			};
			name = Release;
		};
/* End XCBuildConfiguration section */

/* Begin XCConfigurationList section */
		F8E35AC82779228E00ED505B /* Build configuration list for PBXProject "Kickback" */ = {
			isa = XCConfigurationList;
			buildConfigurations = (
				F8E35AF02779228F00ED505B /* Debug */,
				F8E35AF12779228F00ED505B /* Release */,
			);
			defaultConfigurationIsVisible = 0;
			defaultConfigurationName = Release;
		};
		F8E35AF22779228F00ED505B /* Build configuration list for PBXNativeTarget "Kickback" */ = {
			isa = XCConfigurationList;
			buildConfigurations = (
				F8E35AF32779228F00ED505B /* Debug */,
				F8E35AF42779228F00ED505B /* Release */,
			);
			defaultConfigurationIsVisible = 0;
			defaultConfigurationName = Release;
		};
		F8E35AF52779228F00ED505B /* Build configuration list for PBXNativeTarget "KickbackTests" */ = {
			isa = XCConfigurationList;
			buildConfigurations = (
				F8E35AF62779228F00ED505B /* Debug */,
				F8E35AF72779228F00ED505B /* Release */,
			);
			defaultConfigurationIsVisible = 0;
			defaultConfigurationName = Release;
		};
		F8E35AF82779228F00ED505B /* Build configuration list for PBXNativeTarget "KickbackUITests" */ = {
			isa = XCConfigurationList;
			buildConfigurations = (
				F8E35AF92779228F00ED505B /* Debug */,
				F8E35AFA2779228F00ED505B /* Release */,
			);
			defaultConfigurationIsVisible = 0;
			defaultConfigurationName = Release;
		};
/* End XCConfigurationList section */
	};
	rootObject = F8E35AC52779228E00ED505B /* Project object */;
}
